
Microsoft Visual Studio Solution File, Format Version 12.00
Project("{FAE04EC0-301F-11D3-BF4B-00C04F79EFBC}") = "ChefItUP", "ChefItUP\ChefItUP.csproj", "{D497DBE5-D206-418F-9646-51A9536153ED}"
EndProject
Global
	GlobalSection(SolutionConfigurationPlatforms) = preSolution
		Debug|Any CPU = Debug|Any CPU
		Release|Any CPU = Release|Any CPU
	EndGlobalSection
	GlobalSection(ProjectConfigurationPlatforms) = postSolution
		{D497DBE5-D206-418F-9646-51A9536153ED}.Debug|Any CPU.ActiveCfg = Debug|Any CPU
		{D497DBE5-D206-418F-9646-51A9536153ED}.Debug|Any CPU.Build.0 = Debug|Any CPU
		{D497DBE5-D206-418F-9646-51A9536153ED}.Release|Any CPU.ActiveCfg = Release|Any CPU
		{D497DBE5-D206-418F-9646-51A9536153ED}.Release|Any CPU.Build.0 = Release|Any CPU
	EndGlobalSection
EndGlobal
